// !$*UTF8*$!
{
	archiveVersion = 1;
	classes = {
	};
	objectVersion = 50;
	objects = {

/* Begin PBXBuildFile section */
		739059CAA8C9797BE96DCBC3 /* Pods_TaPronto.framework in Frameworks */ = {isa = PBXBuildFile; fileRef = E93E0DA84A6B20FD63F648E3 /* Pods_TaPronto.framework */; };
		9117D88322E3956300CD93C1 /* AppDelegate.swift in Sources */ = {isa = PBXBuildFile; fileRef = 9117D88222E3956300CD93C1 /* AppDelegate.swift */; };
		9117D88522E3956300CD93C1 /* ViewController.swift in Sources */ = {isa = PBXBuildFile; fileRef = 9117D88422E3956300CD93C1 /* ViewController.swift */; };
		9117D88822E3956300CD93C1 /* Main.storyboard in Resources */ = {isa = PBXBuildFile; fileRef = 9117D88622E3956300CD93C1 /* Main.storyboard */; };
		9117D88A22E3956600CD93C1 /* Assets.xcassets in Resources */ = {isa = PBXBuildFile; fileRef = 9117D88922E3956600CD93C1 /* Assets.xcassets */; };
		9117D88D22E3956600CD93C1 /* LaunchScreen.storyboard in Resources */ = {isa = PBXBuildFile; fileRef = 9117D88B22E3956600CD93C1 /* LaunchScreen.storyboard */; };
		9183673A22E3BDFE000CBDAF /* GoogleService-Info.plist in Resources */ = {isa = PBXBuildFile; fileRef = 9183673922E3BDFE000CBDAF /* GoogleService-Info.plist */; };
		9183673C22E3C874000CBDAF /* taPronto.png in Resources */ = {isa = PBXBuildFile; fileRef = 9183673B22E3C874000CBDAF /* taPronto.png */; };
		9183674022E3CE86000CBDAF /* taPronto_LaunchScreen.png in Resources */ = {isa = PBXBuildFile; fileRef = 9183673F22E3CE86000CBDAF /* taPronto_LaunchScreen.png */; };
		91E7BA1622E4885700ECDED6 /* EntrarViewController.swift in Sources */ = {isa = PBXBuildFile; fileRef = 91E7BA1522E4885600ECDED6 /* EntrarViewController.swift */; };
		91E7BA1822E48B5F00ECDED6 /* CadastroViewController.swift in Sources */ = {isa = PBXBuildFile; fileRef = 91E7BA1722E48B5F00ECDED6 /* CadastroViewController.swift */; };
		91E7BA1A22E48C7B00ECDED6 /* FotoViewController.swift in Sources */ = {isa = PBXBuildFile; fileRef = 91E7BA1922E48C7B00ECDED6 /* FotoViewController.swift */; };
/* End PBXBuildFile section */

/* Begin PBXFileReference section */
		660FB48CA9709DCC98D5E4BE /* Pods-TaPronto.debug.xcconfig */ = {isa = PBXFileReference; includeInIndex = 1; lastKnownFileType = text.xcconfig; name = "Pods-TaPronto.debug.xcconfig"; path = "Target Support Files/Pods-TaPronto/Pods-TaPronto.debug.xcconfig"; sourceTree = "<group>"; };
		9117D87F22E3956300CD93C1 /* TaPronto.app */ = {isa = PBXFileReference; explicitFileType = wrapper.application; includeInIndex = 0; path = TaPronto.app; sourceTree = BUILT_PRODUCTS_DIR; };
		9117D88222E3956300CD93C1 /* AppDelegate.swift */ = {isa = PBXFileReference; lastKnownFileType = sourcecode.swift; path = AppDelegate.swift; sourceTree = "<group>"; };
		9117D88422E3956300CD93C1 /* ViewController.swift */ = {isa = PBXFileReference; lastKnownFileType = sourcecode.swift; path = ViewController.swift; sourceTree = "<group>"; };
		9117D88722E3956300CD93C1 /* Base */ = {isa = PBXFileReference; lastKnownFileType = file.storyboard; name = Base; path = Base.lproj/Main.storyboard; sourceTree = "<group>"; };
		9117D88922E3956600CD93C1 /* Assets.xcassets */ = {isa = PBXFileReference; lastKnownFileType = folder.assetcatalog; path = Assets.xcassets; sourceTree = "<group>"; };
		9117D88C22E3956600CD93C1 /* Base */ = {isa = PBXFileReference; lastKnownFileType = file.storyboard; name = Base; path = Base.lproj/LaunchScreen.storyboard; sourceTree = "<group>"; };
		9117D88E22E3956600CD93C1 /* Info.plist */ = {isa = PBXFileReference; lastKnownFileType = text.plist.xml; path = Info.plist; sourceTree = "<group>"; };
		9183673922E3BDFE000CBDAF /* GoogleService-Info.plist */ = {isa = PBXFileReference; fileEncoding = 4; lastKnownFileType = text.plist.xml; path = "GoogleService-Info.plist"; sourceTree = "<group>"; };
		9183673B22E3C874000CBDAF /* taPronto.png */ = {isa = PBXFileReference; lastKnownFileType = image.png; path = taPronto.png; sourceTree = "<group>"; };
		9183673F22E3CE86000CBDAF /* taPronto_LaunchScreen.png */ = {isa = PBXFileReference; lastKnownFileType = image.png; path = taPronto_LaunchScreen.png; sourceTree = "<group>"; };
		91E7BA1522E4885600ECDED6 /* EntrarViewController.swift */ = {isa = PBXFileReference; fileEncoding = 4; lastKnownFileType = sourcecode.swift; path = EntrarViewController.swift; sourceTree = "<group>"; };
		91E7BA1722E48B5F00ECDED6 /* CadastroViewController.swift */ = {isa = PBXFileReference; fileEncoding = 4; lastKnownFileType = sourcecode.swift; path = CadastroViewController.swift; sourceTree = "<group>"; };
		91E7BA1922E48C7B00ECDED6 /* FotoViewController.swift */ = {isa = PBXFileReference; fileEncoding = 4; lastKnownFileType = sourcecode.swift; path = FotoViewController.swift; sourceTree = "<group>"; };
		9E8E1DDC38D0F3DAA2A0A7E8 /* Pods-TaPronto.release.xcconfig */ = {isa = PBXFileReference; includeInIndex = 1; lastKnownFileType = text.xcconfig; name = "Pods-TaPronto.release.xcconfig"; path = "Target Support Files/Pods-TaPronto/Pods-TaPronto.release.xcconfig"; sourceTree = "<group>"; };
		E93E0DA84A6B20FD63F648E3 /* Pods_TaPronto.framework */ = {isa = PBXFileReference; explicitFileType = wrapper.framework; includeInIndex = 0; path = Pods_TaPronto.framework; sourceTree = BUILT_PRODUCTS_DIR; };
/* End PBXFileReference section */

/* Begin PBXFrameworksBuildPhase section */
		9117D87C22E3956300CD93C1 /* Frameworks */ = {
			isa = PBXFrameworksBuildPhase;
			buildActionMask = 2147483647;
			files = (
				739059CAA8C9797BE96DCBC3 /* Pods_TaPronto.framework in Frameworks */,
			);
			runOnlyForDeploymentPostprocessing = 0;
		};
/* End PBXFrameworksBuildPhase section */

/* Begin PBXGroup section */
		9117D87622E3956300CD93C1 = {
			isa = PBXGroup;
			children = (
				9117D88122E3956300CD93C1 /* TaPronto */,
				9117D88022E3956300CD93C1 /* Products */,
				C4C8367986B63C0F2BFEC23C /* Pods */,
				B331B28559C305E2F9E22598 /* Frameworks */,
			);
			sourceTree = "<group>";
		};
		9117D88022E3956300CD93C1 /* Products */ = {
			isa = PBXGroup;
			children = (
				9117D87F22E3956300CD93C1 /* TaPronto.app */,
			);
			name = Products;
			sourceTree = "<group>";
		};
		9117D88122E3956300CD93C1 /* TaPronto */ = {
			isa = PBXGroup;
			children = (
				9117D8A222E3B89700CD93C1 /* Views */,
				9117D88222E3956300CD93C1 /* AppDelegate.swift */,
				9117D88622E3956300CD93C1 /* Main.storyboard */,
				9117D88922E3956600CD93C1 /* Assets.xcassets */,
				9183673B22E3C874000CBDAF /* taPronto.png */,
				9183673F22E3CE86000CBDAF /* taPronto_LaunchScreen.png */,
				9117D88B22E3956600CD93C1 /* LaunchScreen.storyboard */,
				9117D88E22E3956600CD93C1 /* Info.plist */,
				9183673922E3BDFE000CBDAF /* GoogleService-Info.plist */,
			);
			path = TaPronto;
			sourceTree = "<group>";
		};
		9117D8A222E3B89700CD93C1 /* Views */ = {
			isa = PBXGroup;
			children = (
				91E7BA1522E4885600ECDED6 /* EntrarViewController.swift */,
				91E7BA1922E48C7B00ECDED6 /* FotoViewController.swift */,
				91E7BA1722E48B5F00ECDED6 /* CadastroViewController.swift */,
				9117D88422E3956300CD93C1 /* ViewController.swift */,
			);
			path = Views;
			sourceTree = "<group>";
		};
		B331B28559C305E2F9E22598 /* Frameworks */ = {
			isa = PBXGroup;
			children = (
				E93E0DA84A6B20FD63F648E3 /* Pods_TaPronto.framework */,
			);
			name = Frameworks;
			sourceTree = "<group>";
		};
		C4C8367986B63C0F2BFEC23C /* Pods */ = {
			isa = PBXGroup;
			children = (
				660FB48CA9709DCC98D5E4BE /* Pods-TaPronto.debug.xcconfig */,
				9E8E1DDC38D0F3DAA2A0A7E8 /* Pods-TaPronto.release.xcconfig */,
			);
			path = Pods;
			sourceTree = "<group>";
		};
/* End PBXGroup section */

/* Begin PBXNativeTarget section */
		9117D87E22E3956300CD93C1 /* TaPronto */ = {
			isa = PBXNativeTarget;
			buildConfigurationList = 9117D89122E3956600CD93C1 /* Build configuration list for PBXNativeTarget "TaPronto" */;
			buildPhases = (
				E625A0F7995475660BBFCC6B /* [CP] Check Pods Manifest.lock */,
				9117D87B22E3956300CD93C1 /* Sources */,
				9117D87C22E3956300CD93C1 /* Frameworks */,
				9117D87D22E3956300CD93C1 /* Resources */,
				D911F86468A496CBF73C91B0 /* [CP] Embed Pods Frameworks */,
			);
			buildRules = (
			);
			dependencies = (
			);
			name = TaPronto;
			productName = TaPronto;
			productReference = 9117D87F22E3956300CD93C1 /* TaPronto.app */;
			productType = "com.apple.product-type.application";
		};
/* End PBXNativeTarget section */

/* Begin PBXProject section */
		9117D87722E3956300CD93C1 /* Project object */ = {
			isa = PBXProject;
			attributes = {
				LastSwiftUpdateCheck = 1010;
				LastUpgradeCheck = 1010;
				ORGANIZATIONNAME = "Luís Antônio de Oliveira Santos";
				TargetAttributes = {
					9117D87E22E3956300CD93C1 = {
						CreatedOnToolsVersion = 10.1;
					};
				};
			};
			buildConfigurationList = 9117D87A22E3956300CD93C1 /* Build configuration list for PBXProject "TaPronto" */;
			compatibilityVersion = "Xcode 9.3";
			developmentRegion = en;
			hasScannedForEncodings = 0;
			knownRegions = (
				en,
				Base,
			);
			mainGroup = 9117D87622E3956300CD93C1;
			productRefGroup = 9117D88022E3956300CD93C1 /* Products */;
			projectDirPath = "";
			projectRoot = "";
			targets = (
				9117D87E22E3956300CD93C1 /* TaPronto */,
			);
		};
/* End PBXProject section */

/* Begin PBXResourcesBuildPhase section */
		9117D87D22E3956300CD93C1 /* Resources */ = {
			isa = PBXResourcesBuildPhase;
			buildActionMask = 2147483647;
			files = (
				9117D88D22E3956600CD93C1 /* LaunchScreen.storyboard in Resources */,
				9183674022E3CE86000CBDAF /* taPronto_LaunchScreen.png in Resources */,
				9183673A22E3BDFE000CBDAF /* GoogleService-Info.plist in Resources */,
				9117D88A22E3956600CD93C1 /* Assets.xcassets in Resources */,
				9183673C22E3C874000CBDAF /* taPronto.png in Resources */,
				9117D88822E3956300CD93C1 /* Main.storyboard in Resources */,
			);
			runOnlyForDeploymentPostprocessing = 0;
		};
/* End PBXResourcesBuildPhase section */

/* Begin PBXShellScriptBuildPhase section */
		D911F86468A496CBF73C91B0 /* [CP] Embed Pods Frameworks */ = {
			isa = PBXShellScriptBuildPhase;
			buildActionMask = 2147483647;
			files = (
			);
			inputFileListPaths = (
			);
			inputPaths = (
				"${PODS_ROOT}/Target Support Files/Pods-TaPronto/Pods-TaPronto-frameworks.sh",
				"${BUILT_PRODUCTS_DIR}/GTMSessionFetcher/GTMSessionFetcher.framework",
				"${BUILT_PRODUCTS_DIR}/GoogleUtilities/GoogleUtilities.framework",
				"${BUILT_PRODUCTS_DIR}/leveldb-library/leveldb.framework",
				"${BUILT_PRODUCTS_DIR}/nanopb/nanopb.framework",
			);
			name = "[CP] Embed Pods Frameworks";
			outputFileListPaths = (
			);
			outputPaths = (
				"${TARGET_BUILD_DIR}/${FRAMEWORKS_FOLDER_PATH}/GTMSessionFetcher.framework",
				"${TARGET_BUILD_DIR}/${FRAMEWORKS_FOLDER_PATH}/GoogleUtilities.framework",
				"${TARGET_BUILD_DIR}/${FRAMEWORKS_FOLDER_PATH}/leveldb.framework",
				"${TARGET_BUILD_DIR}/${FRAMEWORKS_FOLDER_PATH}/nanopb.framework",
			);
			runOnlyForDeploymentPostprocessing = 0;
			shellPath = /bin/sh;
			shellScript = "\"${PODS_ROOT}/Target Support Files/Pods-TaPronto/Pods-TaPronto-frameworks.sh\"\n";
			showEnvVarsInLog = 0;
		};
		E625A0F7995475660BBFCC6B /* [CP] Check Pods Manifest.lock */ = {
			isa = PBXShellScriptBuildPhase;
			buildActionMask = 2147483647;
			files = (
			);
			inputFileListPaths = (
			);
			inputPaths = (
				"${PODS_PODFILE_DIR_PATH}/Podfile.lock",
				"${PODS_ROOT}/Manifest.lock",
			);
			name = "[CP] Check Pods Manifest.lock";
			outputFileListPaths = (
			);
			outputPaths = (
				"$(DERIVED_FILE_DIR)/Pods-TaPronto-checkManifestLockResult.txt",
			);
			runOnlyForDeploymentPostprocessing = 0;
			shellPath = /bin/sh;
			shellScript = "diff \"${PODS_PODFILE_DIR_PATH}/Podfile.lock\" \"${PODS_ROOT}/Manifest.lock\" > /dev/null\nif [ $? != 0 ] ; then\n    # print error to STDERR\n    echo \"error: The sandbox is not in sync with the Podfile.lock. Run 'pod install' or update your CocoaPods installation.\" >&2\n    exit 1\nfi\n# This output is used by Xcode 'outputs' to avoid re-running this script phase.\necho \"SUCCESS\" > \"${SCRIPT_OUTPUT_FILE_0}\"\n";
			showEnvVarsInLog = 0;
		};
/* End PBXShellScriptBuildPhase section */

/* Begin PBXSourcesBuildPhase section */
		9117D87B22E3956300CD93C1 /* Sources */ = {
			isa = PBXSourcesBuildPhase;
			buildActionMask = 2147483647;
			files = (
				9117D88522E3956300CD93C1 /* ViewController.swift in Sources */,
				91E7BA1A22E48C7B00ECDED6 /* FotoViewController.swift in Sources */,
				9117D88322E3956300CD93C1 /* AppDelegate.swift in Sources */,
				91E7BA1622E4885700ECDED6 /* EntrarViewController.swift in Sources */,
				91E7BA1822E48B5F00ECDED6 /* CadastroViewController.swift in Sources */,
			);
			runOnlyForDeploymentPostprocessing = 0;
		};
/* End PBXSourcesBuildPhase section */

/* Begin PBXVariantGroup section */
		9117D88622E3956300CD93C1 /* Main.storyboard */ = {
			isa = PBXVariantGroup;
			children = (
				9117D88722E3956300CD93C1 /* Base */,
			);
			name = Main.storyboard;
			sourceTree = "<group>";
		};
		9117D88B22E3956600CD93C1 /* LaunchScreen.storyboard */ = {
			isa = PBXVariantGroup;
			children = (
				9117D88C22E3956600CD93C1 /* Base */,
			);
			name = LaunchScreen.storyboard;
			sourceTree = "<group>";
		};
/* End PBXVariantGroup section */

/* Begin XCBuildConfiguration section */
		9117D88F22E3956600CD93C1 /* Debug */ = {
			isa = XCBuildConfiguration;
			buildSettings = {
				ALWAYS_SEARCH_USER_PATHS = NO;
				CLANG_ANALYZER_NONNULL = YES;
				CLANG_ANALYZER_NUMBER_OBJECT_CONVERSION = YES_AGGRESSIVE;
				CLANG_CXX_LANGUAGE_STANDARD = "gnu++14";
				CLANG_CXX_LIBRARY = "libc++";
				CLANG_ENABLE_MODULES = YES;
				CLANG_ENABLE_OBJC_ARC = YES;
				CLANG_ENABLE_OBJC_WEAK = YES;
				CLANG_WARN_BLOCK_CAPTURE_AUTORELEASING = YES;
				CLANG_WARN_BOOL_CONVERSION = YES;
				CLANG_WARN_COMMA = YES;
				CLANG_WARN_CONSTANT_CONVERSION = YES;
				CLANG_WARN_DEPRECATED_OBJC_IMPLEMENTATIONS = YES;
				CLANG_WARN_DIRECT_OBJC_ISA_USAGE = YES_ERROR;
				CLANG_WARN_DOCUMENTATION_COMMENTS = YES;
				CLANG_WARN_EMPTY_BODY = YES;
				CLANG_WARN_ENUM_CONVERSION = YES;
				CLANG_WARN_INFINITE_RECURSION = YES;
				CLANG_WARN_INT_CONVERSION = YES;
				CLANG_WARN_NON_LITERAL_NULL_CONVERSION = YES;
				CLANG_WARN_OBJC_IMPLICIT_RETAIN_SELF = YES;
				CLANG_WARN_OBJC_LITERAL_CONVERSION = YES;
				CLANG_WARN_OBJC_ROOT_CLASS = YES_ERROR;
				CLANG_WARN_RANGE_LOOP_ANALYSIS = YES;
				CLANG_WARN_STRICT_PROTOTYPES = YES;
				CLANG_WARN_SUSPICIOUS_MOVE = YES;
				CLANG_WARN_UNGUARDED_AVAILABILITY = YES_AGGRESSIVE;
				CLANG_WARN_UNREACHABLE_CODE = YES;
				CLANG_WARN__DUPLICATE_METHOD_MATCH = YES;
				CODE_SIGN_IDENTITY = "iPhone Developer";
				COPY_PHASE_STRIP = NO;
				DEBUG_INFORMATION_FORMAT = dwarf;
				ENABLE_STRICT_OBJC_MSGSEND = YES;
				ENABLE_TESTABILITY = YES;
				GCC_C_LANGUAGE_STANDARD = gnu11;
				GCC_DYNAMIC_NO_PIC = NO;
				GCC_NO_COMMON_BLOCKS = YES;
				GCC_OPTIMIZATION_LEVEL = 0;
				GCC_PREPROCESSOR_DEFINITIONS = (
					"DEBUG=1",
					"$(inherited)",
				);
				GCC_WARN_64_TO_32_BIT_CONVERSION = YES;
				GCC_WARN_ABOUT_RETURN_TYPE = YES_ERROR;
				GCC_WARN_UNDECLARED_SELECTOR = YES;
				GCC_WARN_UNINITIALIZED_AUTOS = YES_AGGRESSIVE;
				GCC_WARN_UNUSED_FUNCTION = YES;
				GCC_WARN_UNUSED_VARIABLE = YES;
				IPHONEOS_DEPLOYMENT_TARGET = 12.1;
				MTL_ENABLE_DEBUG_INFO = INCLUDE_SOURCE;
				MTL_FAST_MATH = YES;
				ONLY_ACTIVE_ARCH = YES;
				SDKROOT = iphoneos;
				SWIFT_ACTIVE_COMPILATION_CONDITIONS = DEBUG;
				SWIFT_OPTIMIZATION_LEVEL = "-Onone";
			};
			name = Debug;
		};
		9117D89022E3956600CD93C1 /* Release */ = {
			isa = XCBuildConfiguration;
			buildSettings = {
				ALWAYS_SEARCH_USER_PATHS = NO;
				CLANG_ANALYZER_NONNULL = YES;
				CLANG_ANALYZER_NUMBER_OBJECT_CONVERSION = YES_AGGRESSIVE;
				CLANG_CXX_LANGUAGE_STANDARD = "gnu++14";
				CLANG_CXX_LIBRARY = "libc++";
				CLANG_ENABLE_MODULES = YES;
				CLANG_ENABLE_OBJC_ARC = YES;
				CLANG_ENABLE_OBJC_WEAK = YES;
				CLANG_WARN_BLOCK_CAPTURE_AUTORELEASING = YES;
				CLANG_WARN_BOOL_CONVERSION = YES;
				CLANG_WARN_COMMA = YES;
				CLANG_WARN_CONSTANT_CONVERSION = YES;
				CLANG_WARN_DEPRECATED_OBJC_IMPLEMENTATIONS = YES;
				CLANG_WARN_DIRECT_OBJC_ISA_USAGE = YES_ERROR;
				CLANG_WARN_DOCUMENTATION_COMMENTS = YES;
				CLANG_WARN_EMPTY_BODY = YES;
				CLANG_WARN_ENUM_CONVERSION = YES;
				CLANG_WARN_INFINITE_RECURSION = YES;
				CLANG_WARN_INT_CONVERSION = YES;
				CLANG_WARN_NON_LITERAL_NULL_CONVERSION = YES;
				CLANG_WARN_OBJC_IMPLICIT_RETAIN_SELF = YES;
				CLANG_WARN_OBJC_LITERAL_CONVERSION = YES;
				CLANG_WARN_OBJC_ROOT_CLASS = YES_ERROR;
				CLANG_WARN_RANGE_LOOP_ANALYSIS = YES;
				CLANG_WARN_STRICT_PROTOTYPES = YES;
				CLANG_WARN_SUSPICIOUS_MOVE = YES;
				CLANG_WARN_UNGUARDED_AVAILABILITY = YES_AGGRESSIVE;
				CLANG_WARN_UNREACHABLE_CODE = YES;
				CLANG_WARN__DUPLICATE_METHOD_MATCH = YES;
				CODE_SIGN_IDENTITY = "iPhone Developer";
				COPY_PHASE_STRIP = NO;
				DEBUG_INFORMATION_FORMAT = "dwarf-with-dsym";
				ENABLE_NS_ASSERTIONS = NO;
				ENABLE_STRICT_OBJC_MSGSEND = YES;
				GCC_C_LANGUAGE_STANDARD = gnu11;
				GCC_NO_COMMON_BLOCKS = YES;
				GCC_WARN_64_TO_32_BIT_CONVERSION = YES;
				GCC_WARN_ABOUT_RETURN_TYPE = YES_ERROR;
				GCC_WARN_UNDECLARED_SELECTOR = YES;
				GCC_WARN_UNINITIALIZED_AUTOS = YES_AGGRESSIVE;
				GCC_WARN_UNUSED_FUNCTION = YES;
				GCC_WARN_UNUSED_VARIABLE = YES;
				IPHONEOS_DEPLOYMENT_TARGET = 12.1;
				MTL_ENABLE_DEBUG_INFO = NO;
				MTL_FAST_MATH = YES;
				SDKROOT = iphoneos;
				SWIFT_COMPILATION_MODE = wholemodule;
				SWIFT_OPTIMIZATION_LEVEL = "-O";
				VALIDATE_PRODUCT = YES;
			};
			name = Release;
		};
		9117D89222E3956600CD93C1 /* Debug */ = {
			isa = XCBuildConfiguration;
			baseConfigurationReference = 660FB48CA9709DCC98D5E4BE /* Pods-TaPronto.debug.xcconfig */;
			buildSettings = {
				ASSETCATALOG_COMPILER_APPICON_NAME = AppIcon;
				CODE_SIGN_STYLE = Automatic;
				DEVELOPMENT_TEAM = F4J68BQ5VP;
				INFOPLIST_FILE = TaPronto/Info.plist;
				LD_RUNPATH_SEARCH_PATHS = (
					"$(inherited)",
					"@executable_path/Frameworks",
				);
				PRODUCT_BUNDLE_IDENTIFIER = com.app.TaPronto;
				PRODUCT_NAME = "$(TARGET_NAME)";
				SWIFT_VERSION = 4.2;
				TARGETED_DEVICE_FAMILY = "1,2";
			};
			name = Debug;
		};
		9117D89322E3956600CD93C1 /* Release */ = {
			isa = XCBuildConfiguration;
			baseConfigurationReference = 9E8E1DDC38D0F3DAA2A0A7E8 /* Pods-TaPronto.release.xcconfig */;
			buildSettings = {
				ASSETCATALOG_COMPILER_APPICON_NAME = AppIcon;
				CODE_SIGN_STYLE = Automatic;
				DEVELOPMENT_TEAM = F4J68BQ5VP;
				INFOPLIST_FILE = TaPronto/Info.plist;
				LD_RUNPATH_SEARCH_PATHS = (
					"$(inherited)",
					"@executable_path/Frameworks",
				);
				PRODUCT_BUNDLE_IDENTIFIER = com.app.TaPronto;
				PRODUCT_NAME = "$(TARGET_NAME)";
				SWIFT_VERSION = 4.2;
				TARGETED_DEVICE_FAMILY = "1,2";
			};
			name = Release;
		};
/* End XCBuildConfiguration section */

/* Begin XCConfigurationList section */
		9117D87A22E3956300CD93C1 /* Build configuration list for PBXProject "TaPronto" */ = {
			isa = XCConfigurationList;
			buildConfigurations = (
				9117D88F22E3956600CD93C1 /* Debug */,
				9117D89022E3956600CD93C1 /* Release */,
			);
			defaultConfigurationIsVisible = 0;
			defaultConfigurationName = Release;
		};
		9117D89122E3956600CD93C1 /* Build configuration list for PBXNativeTarget "TaPronto" */ = {
			isa = XCConfigurationList;
			buildConfigurations = (
				9117D89222E3956600CD93C1 /* Debug */,
				9117D89322E3956600CD93C1 /* Release */,
			);
			defaultConfigurationIsVisible = 0;
			defaultConfigurationName = Release;
		};
/* End XCConfigurationList section */
	};
	rootObject = 9117D87722E3956300CD93C1 /* Project object */;
}
